
Microsoft Visual Studio Solution File, Format Version 12.00
# Visual Studio 15
VisualStudioVersion = 15.0.28307.271
MinimumVisualStudioVersion = 10.0.40219.1
Project("{FAE04EC0-301F-11D3-BF4B-00C04F79EFBC}") = "IterationStatement", "IterationStatement\IterationStatement.csproj", "{D3B9B68A-B96E-4E8A-8987-8EA71A62DC21}"
EndProject
Global
	GlobalSection(SolutionConfigurationPlatforms) = preSolution
		Debug|Any CPU = Debug|Any CPU
		Release|Any CPU = Release|Any CPU
	EndGlobalSection
	GlobalSection(ProjectConfigurationPlatforms) = postSolution
		{D3B9B68A-B96E-4E8A-8987-8EA71A62DC21}.Debug|Any CPU.ActiveCfg = Debug|Any CPU
		{D3B9B68A-B96E-4E8A-8987-8EA71A62DC21}.Debug|Any CPU.Build.0 = Debug|Any CPU
		{D3B9B68A-B96E-4E8A-8987-8EA71A62DC21}.Release|Any CPU.ActiveCfg = Release|Any CPU
		{D3B9B68A-B96E-4E8A-8987-8EA71A62DC21}.Release|Any CPU.Build.0 = Release|Any CPU
	EndGlobalSection
	GlobalSection(SolutionProperties) = preSolution
		HideSolutionNode = FALSE
	EndGlobalSection
	GlobalSection(ExtensibilityGlobals) = postSolution
		SolutionGuid = {5C6917A7-C89A-4D36-BE1D-A95B322E0766}
	EndGlobalSection
EndGlobal
